
Microsoft Visual Studio Solution File, Format Version 12.00
# Visual Studio Version 17
VisualStudioVersion = 17.14.36408.4
MinimumVisualStudioVersion = 10.0.40219.1
Project("{FAE04EC0-301F-11D3-BF4B-00C04F79EFBC}") = "SimpleIdentityServer.API", "SimpleIdentityServer.API\SimpleIdentityServer.API.csproj", "{37AD8AAC-0A36-3794-D845-584676D3B6D1}"
EndProject
Project("{FAE04EC0-301F-11D3-BF4B-00C04F79EFBC}") = "Resource.API", "Resource.API\Resource.API.csproj", "{327FA8B9-0D01-468E-9825-826A42483810}"
EndProject
Project("{FAE04EC0-301F-11D3-BF4B-00C04F79EFBC}") = "Client.App", "Client.App\Client.App.csproj", "{801A73EA-1259-4816-BC85-133CA29FF71B}"
EndProject
Project("{FAE04EC0-301F-11D3-BF4B-00C04F79EFBC}") = "SimpleIdentityServer.CLI", "SimpleIdentityServer.CLI\SimpleIdentityServer.CLI.csproj", "{6533ECA8-DA30-42CE-966D-A814B7FDE404}"
EndProject
Project("{FAE04EC0-301F-11D3-BF4B-00C04F79EFBC}") = "SimpleIdentityServer.CLI.Test", "SimpleIdentityServer.CLI.Test\SimpleIdentityServer.CLI.Test.csproj", "{A9A031D1-09C6-0BE4-1DEC-C7DEF237DF16}"
EndProject
Global
	GlobalSection(SolutionConfigurationPlatforms) = preSolution
		Debug|Any CPU = Debug|Any CPU
		Debug|x64 = Debug|x64
		Debug|x86 = Debug|x86
		Release|Any CPU = Release|Any CPU
		Release|x64 = Release|x64
		Release|x86 = Release|x86
	EndGlobalSection
	GlobalSection(ProjectConfigurationPlatforms) = postSolution
		{37AD8AAC-0A36-3794-D845-584676D3B6D1}.Debug|Any CPU.ActiveCfg = Debug|Any CPU
		{37AD8AAC-0A36-3794-D845-584676D3B6D1}.Debug|Any CPU.Build.0 = Debug|Any CPU
		{37AD8AAC-0A36-3794-D845-584676D3B6D1}.Debug|x64.ActiveCfg = Debug|Any CPU
		{37AD8AAC-0A36-3794-D845-584676D3B6D1}.Debug|x64.Build.0 = Debug|Any CPU
		{37AD8AAC-0A36-3794-D845-584676D3B6D1}.Debug|x86.ActiveCfg = Debug|Any CPU
		{37AD8AAC-0A36-3794-D845-584676D3B6D1}.Debug|x86.Build.0 = Debug|Any CPU
		{37AD8AAC-0A36-3794-D845-584676D3B6D1}.Release|Any CPU.ActiveCfg = Release|Any CPU
		{37AD8AAC-0A36-3794-D845-584676D3B6D1}.Release|Any CPU.Build.0 = Release|Any CPU
		{37AD8AAC-0A36-3794-D845-584676D3B6D1}.Release|x64.ActiveCfg = Release|Any CPU
		{37AD8AAC-0A36-3794-D845-584676D3B6D1}.Release|x64.Build.0 = Release|Any CPU
		{37AD8AAC-0A36-3794-D845-584676D3B6D1}.Release|x86.ActiveCfg = Release|Any CPU
		{37AD8AAC-0A36-3794-D845-584676D3B6D1}.Release|x86.Build.0 = Release|Any CPU
		{327FA8B9-0D01-468E-9825-826A42483810}.Debug|Any CPU.ActiveCfg = Debug|Any CPU
		{327FA8B9-0D01-468E-9825-826A42483810}.Debug|Any CPU.Build.0 = Debug|Any CPU
		{327FA8B9-0D01-468E-9825-826A42483810}.Debug|x64.ActiveCfg = Debug|Any CPU
		{327FA8B9-0D01-468E-9825-826A42483810}.Debug|x64.Build.0 = Debug|Any CPU
		{327FA8B9-0D01-468E-9825-826A42483810}.Debug|x86.ActiveCfg = Debug|Any CPU
		{327FA8B9-0D01-468E-9825-826A42483810}.Debug|x86.Build.0 = Debug|Any CPU
		{327FA8B9-0D01-468E-9825-826A42483810}.Release|Any CPU.ActiveCfg = Release|Any CPU
		{327FA8B9-0D01-468E-9825-826A42483810}.Release|Any CPU.Build.0 = Release|Any CPU
		{327FA8B9-0D01-468E-9825-826A42483810}.Release|x64.ActiveCfg = Release|Any CPU
		{327FA8B9-0D01-468E-9825-826A42483810}.Release|x64.Build.0 = Release|Any CPU
		{327FA8B9-0D01-468E-9825-826A42483810}.Release|x86.ActiveCfg = Release|Any CPU
		{327FA8B9-0D01-468E-9825-826A42483810}.Release|x86.Build.0 = Release|Any CPU
		{801A73EA-1259-4816-BC85-133CA29FF71B}.Debug|Any CPU.ActiveCfg = Debug|Any CPU
		{801A73EA-1259-4816-BC85-133CA29FF71B}.Debug|Any CPU.Build.0 = Debug|Any CPU
		{801A73EA-1259-4816-BC85-133CA29FF71B}.Debug|x64.ActiveCfg = Debug|Any CPU
		{801A73EA-1259-4816-BC85-133CA29FF71B}.Debug|x64.Build.0 = Debug|Any CPU
		{801A73EA-1259-4816-BC85-133CA29FF71B}.Debug|x86.ActiveCfg = Debug|Any CPU
		{801A73EA-1259-4816-BC85-133CA29FF71B}.Debug|x86.Build.0 = Debug|Any CPU
		{801A73EA-1259-4816-BC85-133CA29FF71B}.Release|Any CPU.ActiveCfg = Release|Any CPU
		{801A73EA-1259-4816-BC85-133CA29FF71B}.Release|Any CPU.Build.0 = Release|Any CPU
		{801A73EA-1259-4816-BC85-133CA29FF71B}.Release|x64.ActiveCfg = Release|Any CPU
		{801A73EA-1259-4816-BC85-133CA29FF71B}.Release|x64.Build.0 = Release|Any CPU
		{801A73EA-1259-4816-BC85-133CA29FF71B}.Release|x86.ActiveCfg = Release|Any CPU
		{801A73EA-1259-4816-BC85-133CA29FF71B}.Release|x86.Build.0 = Release|Any CPU
		{6533ECA8-DA30-42CE-966D-A814B7FDE404}.Debug|Any CPU.ActiveCfg = Debug|Any CPU
		{6533ECA8-DA30-42CE-966D-A814B7FDE404}.Debug|Any CPU.Build.0 = Debug|Any CPU
		{6533ECA8-DA30-42CE-966D-A814B7FDE404}.Debug|x64.ActiveCfg = Debug|Any CPU
		{6533ECA8-DA30-42CE-966D-A814B7FDE404}.Debug|x64.Build.0 = Debug|Any CPU
		{6533ECA8-DA30-42CE-966D-A814B7FDE404}.Debug|x86.ActiveCfg = Debug|Any CPU
		{6533ECA8-DA30-42CE-966D-A814B7FDE404}.Debug|x86.Build.0 = Debug|Any CPU
		{6533ECA8-DA30-42CE-966D-A814B7FDE404}.Release|Any CPU.ActiveCfg = Release|Any CPU
		{6533ECA8-DA30-42CE-966D-A814B7FDE404}.Release|Any CPU.Build.0 = Release|Any CPU
		{6533ECA8-DA30-42CE-966D-A814B7FDE404}.Release|x64.ActiveCfg = Release|Any CPU
		{6533ECA8-DA30-42CE-966D-A814B7FDE404}.Release|x64.Build.0 = Release|Any CPU
		{6533ECA8-DA30-42CE-966D-A814B7FDE404}.Release|x86.ActiveCfg = Release|Any CPU
		{6533ECA8-DA30-42CE-966D-A814B7FDE404}.Release|x86.Build.0 = Release|Any CPU
		{A9A031D1-09C6-0BE4-1DEC-C7DEF237DF16}.Debug|Any CPU.ActiveCfg = Debug|Any CPU
		{A9A031D1-09C6-0BE4-1DEC-C7DEF237DF16}.Debug|Any CPU.Build.0 = Debug|Any CPU
		{A9A031D1-09C6-0BE4-1DEC-C7DEF237DF16}.Debug|x64.ActiveCfg = Debug|Any CPU
		{A9A031D1-09C6-0BE4-1DEC-C7DEF237DF16}.Debug|x64.Build.0 = Debug|Any CPU
		{A9A031D1-09C6-0BE4-1DEC-C7DEF237DF16}.Debug|x86.ActiveCfg = Debug|Any CPU
		{A9A031D1-09C6-0BE4-1DEC-C7DEF237DF16}.Debug|x86.Build.0 = Debug|Any CPU
		{A9A031D1-09C6-0BE4-1DEC-C7DEF237DF16}.Release|Any CPU.ActiveCfg = Release|Any CPU
		{A9A031D1-09C6-0BE4-1DEC-C7DEF237DF16}.Release|Any CPU.Build.0 = Release|Any CPU
		{A9A031D1-09C6-0BE4-1DEC-C7DEF237DF16}.Release|x64.ActiveCfg = Release|Any CPU
		{A9A031D1-09C6-0BE4-1DEC-C7DEF237DF16}.Release|x64.Build.0 = Release|Any CPU
		{A9A031D1-09C6-0BE4-1DEC-C7DEF237DF16}.Release|x86.ActiveCfg = Release|Any CPU
		{A9A031D1-09C6-0BE4-1DEC-C7DEF237DF16}.Release|x86.Build.0 = Release|Any CPU
	EndGlobalSection
	GlobalSection(SolutionProperties) = preSolution
		HideSolutionNode = FALSE
	EndGlobalSection
	GlobalSection(ExtensibilityGlobals) = postSolution
		SolutionGuid = {62AB9C99-27AE-473F-977A-88DB4768C7C2}
	EndGlobalSection
EndGlobal
