
Microsoft Visual Studio Solution File, Format Version 12.00
# Visual Studio Version 17
VisualStudioVersion = 17.14.36408.4 d17.14
MinimumVisualStudioVersion = 10.0.40219.1
Project("{FAE04EC0-301F-11D3-BF4B-00C04F79EFBC}") = "SimpleIdentityServer.API", "SimpleIdentityServer.API\SimpleIdentityServer.API.csproj", "{37AD8AAC-0A36-3794-D845-584676D3B6D1}"
EndProject
Global
	GlobalSection(SolutionConfigurationPlatforms) = preSolution
		Debug|Any CPU = Debug|Any CPU
		Release|Any CPU = Release|Any CPU
	EndGlobalSection
	GlobalSection(ProjectConfigurationPlatforms) = postSolution
		{37AD8AAC-0A36-3794-D845-584676D3B6D1}.Debug|Any CPU.ActiveCfg = Debug|Any CPU
		{37AD8AAC-0A36-3794-D845-584676D3B6D1}.Debug|Any CPU.Build.0 = Debug|Any CPU
		{37AD8AAC-0A36-3794-D845-584676D3B6D1}.Release|Any CPU.ActiveCfg = Release|Any CPU
		{37AD8AAC-0A36-3794-D845-584676D3B6D1}.Release|Any CPU.Build.0 = Release|Any CPU
	EndGlobalSection
	GlobalSection(SolutionProperties) = preSolution
		HideSolutionNode = FALSE
	EndGlobalSection
	GlobalSection(ExtensibilityGlobals) = postSolution
		SolutionGuid = {62AB9C99-27AE-473F-977A-88DB4768C7C2}
	EndGlobalSection
EndGlobal
